// !$*UTF8*$!
{
	archiveVersion = 1;
	classes = {
	};
	objectVersion = 48;
	objects = {

/* Begin PBXBuildFile section */
		C54DF0CD2012CCD500EFE361 /* AppDelegate.swift in Sources */ = {isa = PBXBuildFile; fileRef = C54DF0CC2012CCD500EFE361 /* AppDelegate.swift */; };
		C54DF0CF2012CCD500EFE361 /* ViewController.swift in Sources */ = {isa = PBXBuildFile; fileRef = C54DF0CE2012CCD500EFE361 /* ViewController.swift */; };
		C54DF0D22012CCD500EFE361 /* Main.storyboard in Resources */ = {isa = PBXBuildFile; fileRef = C54DF0D02012CCD500EFE361 /* Main.storyboard */; };
		C54DF0D42012CCD500EFE361 /* Assets.xcassets in Resources */ = {isa = PBXBuildFile; fileRef = C54DF0D32012CCD500EFE361 /* Assets.xcassets */; };
		C54DF0D72012CCD500EFE361 /* LaunchScreen.storyboard in Resources */ = {isa = PBXBuildFile; fileRef = C54DF0D52012CCD500EFE361 /* LaunchScreen.storyboard */; };
		C54DF0E62012D99800EFE361 /* note7.wav in Resources */ = {isa = PBXBuildFile; fileRef = C54DF0DF2012D99800EFE361 /* note7.wav */; };
		C54DF0E72012D99800EFE361 /* note3.wav in Resources */ = {isa = PBXBuildFile; fileRef = C54DF0E02012D99800EFE361 /* note3.wav */; };
		C54DF0E82012D99800EFE361 /* note5.wav in Resources */ = {isa = PBXBuildFile; fileRef = C54DF0E12012D99800EFE361 /* note5.wav */; };
		C54DF0E92012D99800EFE361 /* note2.wav in Resources */ = {isa = PBXBuildFile; fileRef = C54DF0E22012D99800EFE361 /* note2.wav */; };
		C54DF0EA2012D99800EFE361 /* note6.wav in Resources */ = {isa = PBXBuildFile; fileRef = C54DF0E32012D99800EFE361 /* note6.wav */; };
		C54DF0EB2012D99800EFE361 /* note1.wav in Resources */ = {isa = PBXBuildFile; fileRef = C54DF0E42012D99800EFE361 /* note1.wav */; };
		C54DF0EC2012D99800EFE361 /* note4.wav in Resources */ = {isa = PBXBuildFile; fileRef = C54DF0E52012D99800EFE361 /* note4.wav */; };
/* End PBXBuildFile section */

/* Begin PBXFileReference section */
		C54DF0C92012CCD500EFE361 /* Xylophoner.app */ = {isa = PBXFileReference; explicitFileType = wrapper.application; includeInIndex = 0; path = Xylophoner.app; sourceTree = BUILT_PRODUCTS_DIR; };
		C54DF0CC2012CCD500EFE361 /* AppDelegate.swift */ = {isa = PBXFileReference; lastKnownFileType = sourcecode.swift; path = AppDelegate.swift; sourceTree = "<group>"; };
		C54DF0CE2012CCD500EFE361 /* ViewController.swift */ = {isa = PBXFileReference; lastKnownFileType = sourcecode.swift; path = ViewController.swift; sourceTree = "<group>"; };
		C54DF0D12012CCD500EFE361 /* Base */ = {isa = PBXFileReference; lastKnownFileType = file.storyboard; name = Base; path = Base.lproj/Main.storyboard; sourceTree = "<group>"; };
		C54DF0D32012CCD500EFE361 /* Assets.xcassets */ = {isa = PBXFileReference; lastKnownFileType = folder.assetcatalog; path = Assets.xcassets; sourceTree = "<group>"; };
		C54DF0D62012CCD500EFE361 /* Base */ = {isa = PBXFileReference; lastKnownFileType = file.storyboard; name = Base; path = Base.lproj/LaunchScreen.storyboard; sourceTree = "<group>"; };
		C54DF0D82012CCD500EFE361 /* Info.plist */ = {isa = PBXFileReference; lastKnownFileType = text.plist.xml; path = Info.plist; sourceTree = "<group>"; };
		C54DF0DF2012D99800EFE361 /* note7.wav */ = {isa = PBXFileReference; lastKnownFileType = audio.wav; path = note7.wav; sourceTree = "<group>"; };
		C54DF0E02012D99800EFE361 /* note3.wav */ = {isa = PBXFileReference; lastKnownFileType = audio.wav; path = note3.wav; sourceTree = "<group>"; };
		C54DF0E12012D99800EFE361 /* note5.wav */ = {isa = PBXFileReference; lastKnownFileType = audio.wav; path = note5.wav; sourceTree = "<group>"; };
		C54DF0E22012D99800EFE361 /* note2.wav */ = {isa = PBXFileReference; lastKnownFileType = audio.wav; path = note2.wav; sourceTree = "<group>"; };
		C54DF0E32012D99800EFE361 /* note6.wav */ = {isa = PBXFileReference; lastKnownFileType = audio.wav; path = note6.wav; sourceTree = "<group>"; };
		C54DF0E42012D99800EFE361 /* note1.wav */ = {isa = PBXFileReference; lastKnownFileType = audio.wav; path = note1.wav; sourceTree = "<group>"; };
		C54DF0E52012D99800EFE361 /* note4.wav */ = {isa = PBXFileReference; lastKnownFileType = audio.wav; path = note4.wav; sourceTree = "<group>"; };
/* End PBXFileReference section */

/* Begin PBXFrameworksBuildPhase section */
		C54DF0C62012CCD500EFE361 /* Frameworks */ = {
			isa = PBXFrameworksBuildPhase;
			buildActionMask = 2147483647;
			files = (
			);
			runOnlyForDeploymentPostprocessing = 0;
		};
/* End PBXFrameworksBuildPhase section */

/* Begin PBXGroup section */
		C54DF0C02012CCD500EFE361 = {
			isa = PBXGroup;
			children = (
				C54DF0DE2012D97700EFE361 /* sounds */,
				C54DF0CB2012CCD500EFE361 /* Xylophoner */,
				C54DF0CA2012CCD500EFE361 /* Products */,
			);
			sourceTree = "<group>";
		};
		C54DF0CA2012CCD500EFE361 /* Products */ = {
			isa = PBXGroup;
			children = (
				C54DF0C92012CCD500EFE361 /* Xylophoner.app */,
			);
			name = Products;
			sourceTree = "<group>";
		};
		C54DF0CB2012CCD500EFE361 /* Xylophoner */ = {
			isa = PBXGroup;
			children = (
				C54DF0CC2012CCD500EFE361 /* AppDelegate.swift */,
				C54DF0CE2012CCD500EFE361 /* ViewController.swift */,
				C54DF0D02012CCD500EFE361 /* Main.storyboard */,
				C54DF0D32012CCD500EFE361 /* Assets.xcassets */,
				C54DF0D52012CCD500EFE361 /* LaunchScreen.storyboard */,
				C54DF0D82012CCD500EFE361 /* Info.plist */,
			);
			path = Xylophoner;
			sourceTree = "<group>";
		};
		C54DF0DE2012D97700EFE361 /* sounds */ = {
			isa = PBXGroup;
			children = (
				C54DF0E42012D99800EFE361 /* note1.wav */,
				C54DF0E22012D99800EFE361 /* note2.wav */,
				C54DF0E02012D99800EFE361 /* note3.wav */,
				C54DF0E52012D99800EFE361 /* note4.wav */,
				C54DF0E12012D99800EFE361 /* note5.wav */,
				C54DF0E32012D99800EFE361 /* note6.wav */,
				C54DF0DF2012D99800EFE361 /* note7.wav */,
			);
			path = sounds;
			sourceTree = "<group>";
		};
/* End PBXGroup section */

/* Begin PBXNativeTarget section */
		C54DF0C82012CCD500EFE361 /* Xylophoner */ = {
			isa = PBXNativeTarget;
			buildConfigurationList = C54DF0DB2012CCD500EFE361 /* Build configuration list for PBXNativeTarget "Xylophoner" */;
			buildPhases = (
				C54DF0C52012CCD500EFE361 /* Sources */,
				C54DF0C62012CCD500EFE361 /* Frameworks */,
				C54DF0C72012CCD500EFE361 /* Resources */,
			);
			buildRules = (
			);
			dependencies = (
			);
			name = Xylophoner;
			productName = Xylophoner;
			productReference = C54DF0C92012CCD500EFE361 /* Xylophoner.app */;
			productType = "com.apple.product-type.application";
		};
/* End PBXNativeTarget section */

/* Begin PBXProject section */
		C54DF0C12012CCD500EFE361 /* Project object */ = {
			isa = PBXProject;
			attributes = {
				LastSwiftUpdateCheck = 0920;
				LastUpgradeCheck = 0920;
				ORGANIZATIONNAME = "Ahmed Amr";
				TargetAttributes = {
					C54DF0C82012CCD500EFE361 = {
						CreatedOnToolsVersion = 9.2;
						ProvisioningStyle = Automatic;
					};
				};
			};
			buildConfigurationList = C54DF0C42012CCD500EFE361 /* Build configuration list for PBXProject "Xylophoner" */;
			compatibilityVersion = "Xcode 8.0";
			developmentRegion = en;
			hasScannedForEncodings = 0;
			knownRegions = (
				en,
				Base,
			);
			mainGroup = C54DF0C02012CCD500EFE361;
			productRefGroup = C54DF0CA2012CCD500EFE361 /* Products */;
			projectDirPath = "";
			projectRoot = "";
			targets = (
				C54DF0C82012CCD500EFE361 /* Xylophoner */,
			);
		};
/* End PBXProject section */

/* Begin PBXResourcesBuildPhase section */
		C54DF0C72012CCD500EFE361 /* Resources */ = {
			isa = PBXResourcesBuildPhase;
			buildActionMask = 2147483647;
			files = (
				C54DF0EB2012D99800EFE361 /* note1.wav in Resources */,
				C54DF0E82012D99800EFE361 /* note5.wav in Resources */,
				C54DF0EA2012D99800EFE361 /* note6.wav in Resources */,
				C54DF0E92012D99800EFE361 /* note2.wav in Resources */,
				C54DF0D72012CCD500EFE361 /* LaunchScreen.storyboard in Resources */,
				C54DF0D42012CCD500EFE361 /* Assets.xcassets in Resources */,
				C54DF0E62012D99800EFE361 /* note7.wav in Resources */,
				C54DF0EC2012D99800EFE361 /* note4.wav in Resources */,
				C54DF0D22012CCD500EFE361 /* Main.storyboard in Resources */,
				C54DF0E72012D99800EFE361 /* note3.wav in Resources */,
			);
			runOnlyForDeploymentPostprocessing = 0;
		};
/* End PBXResourcesBuildPhase section */

/* Begin PBXSourcesBuildPhase section */
		C54DF0C52012CCD500EFE361 /* Sources */ = {
			isa = PBXSourcesBuildPhase;
			buildActionMask = 2147483647;
			files = (
				C54DF0CF2012CCD500EFE361 /* ViewController.swift in Sources */,
				C54DF0CD2012CCD500EFE361 /* AppDelegate.swift in Sources */,
			);
			runOnlyForDeploymentPostprocessing = 0;
		};
/* End PBXSourcesBuildPhase section */

/* Begin PBXVariantGroup section */
		C54DF0D02012CCD500EFE361 /* Main.storyboard */ = {
			isa = PBXVariantGroup;
			children = (
				C54DF0D12012CCD500EFE361 /* Base */,
			);
			name = Main.storyboard;
			sourceTree = "<group>";
		};
		C54DF0D52012CCD500EFE361 /* LaunchScreen.storyboard */ = {
			isa = PBXVariantGroup;
			children = (
				C54DF0D62012CCD500EFE361 /* Base */,
			);
			name = LaunchScreen.storyboard;
			sourceTree = "<group>";
		};
/* End PBXVariantGroup section */

/* Begin XCBuildConfiguration section */
		C54DF0D92012CCD500EFE361 /* Debug */ = {
			isa = XCBuildConfiguration;
			buildSettings = {
				ALWAYS_SEARCH_USER_PATHS = NO;
				CLANG_ANALYZER_NONNULL = YES;
				CLANG_ANALYZER_NUMBER_OBJECT_CONVERSION = YES_AGGRESSIVE;
				CLANG_CXX_LANGUAGE_STANDARD = "gnu++14";
				CLANG_CXX_LIBRARY = "libc++";
				CLANG_ENABLE_MODULES = YES;
				CLANG_ENABLE_OBJC_ARC = YES;
				CLANG_WARN_BLOCK_CAPTURE_AUTORELEASING = YES;
				CLANG_WARN_BOOL_CONVERSION = YES;
				CLANG_WARN_COMMA = YES;
				CLANG_WARN_CONSTANT_CONVERSION = YES;
				CLANG_WARN_DIRECT_OBJC_ISA_USAGE = YES_ERROR;
				CLANG_WARN_DOCUMENTATION_COMMENTS = YES;
				CLANG_WARN_EMPTY_BODY = YES;
				CLANG_WARN_ENUM_CONVERSION = YES;
				CLANG_WARN_INFINITE_RECURSION = YES;
				CLANG_WARN_INT_CONVERSION = YES;
				CLANG_WARN_NON_LITERAL_NULL_CONVERSION = YES;
				CLANG_WARN_OBJC_LITERAL_CONVERSION = YES;
				CLANG_WARN_OBJC_ROOT_CLASS = YES_ERROR;
				CLANG_WARN_RANGE_LOOP_ANALYSIS = YES;
				CLANG_WARN_STRICT_PROTOTYPES = YES;
				CLANG_WARN_SUSPICIOUS_MOVE = YES;
				CLANG_WARN_UNGUARDED_AVAILABILITY = YES_AGGRESSIVE;
				CLANG_WARN_UNREACHABLE_CODE = YES;
				CLANG_WARN__DUPLICATE_METHOD_MATCH = YES;
				CODE_SIGN_IDENTITY = "iPhone Developer";
				COPY_PHASE_STRIP = NO;
				DEBUG_INFORMATION_FORMAT = dwarf;
				ENABLE_STRICT_OBJC_MSGSEND = YES;
				ENABLE_TESTABILITY = YES;
				GCC_C_LANGUAGE_STANDARD = gnu11;
				GCC_DYNAMIC_NO_PIC = NO;
				GCC_NO_COMMON_BLOCKS = YES;
				GCC_OPTIMIZATION_LEVEL = 0;
				GCC_PREPROCESSOR_DEFINITIONS = (
					"DEBUG=1",
					"$(inherited)",
				);
				GCC_WARN_64_TO_32_BIT_CONVERSION = YES;
				GCC_WARN_ABOUT_RETURN_TYPE = YES_ERROR;
				GCC_WARN_UNDECLARED_SELECTOR = YES;
				GCC_WARN_UNINITIALIZED_AUTOS = YES_AGGRESSIVE;
				GCC_WARN_UNUSED_FUNCTION = YES;
				GCC_WARN_UNUSED_VARIABLE = YES;
				IPHONEOS_DEPLOYMENT_TARGET = 11.2;
				MTL_ENABLE_DEBUG_INFO = YES;
				ONLY_ACTIVE_ARCH = YES;
				SDKROOT = iphoneos;
				SWIFT_ACTIVE_COMPILATION_CONDITIONS = DEBUG;
				SWIFT_OPTIMIZATION_LEVEL = "-Onone";
			};
			name = Debug;
		};
		C54DF0DA2012CCD500EFE361 /* Release */ = {
			isa = XCBuildConfiguration;
			buildSettings = {
				ALWAYS_SEARCH_USER_PATHS = NO;
				CLANG_ANALYZER_NONNULL = YES;
				CLANG_ANALYZER_NUMBER_OBJECT_CONVERSION = YES_AGGRESSIVE;
				CLANG_CXX_LANGUAGE_STANDARD = "gnu++14";
				CLANG_CXX_LIBRARY = "libc++";
				CLANG_ENABLE_MODULES = YES;
				CLANG_ENABLE_OBJC_ARC = YES;
				CLANG_WARN_BLOCK_CAPTURE_AUTORELEASING = YES;
				CLANG_WARN_BOOL_CONVERSION = YES;
				CLANG_WARN_COMMA = YES;
				CLANG_WARN_CONSTANT_CONVERSION = YES;
				CLANG_WARN_DIRECT_OBJC_ISA_USAGE = YES_ERROR;
				CLANG_WARN_DOCUMENTATION_COMMENTS = YES;
				CLANG_WARN_EMPTY_BODY = YES;
				CLANG_WARN_ENUM_CONVERSION = YES;
				CLANG_WARN_INFINITE_RECURSION = YES;
				CLANG_WARN_INT_CONVERSION = YES;
				CLANG_WARN_NON_LITERAL_NULL_CONVERSION = YES;
				CLANG_WARN_OBJC_LITERAL_CONVERSION = YES;
				CLANG_WARN_OBJC_ROOT_CLASS = YES_ERROR;
				CLANG_WARN_RANGE_LOOP_ANALYSIS = YES;
				CLANG_WARN_STRICT_PROTOTYPES = YES;
				CLANG_WARN_SUSPICIOUS_MOVE = YES;
				CLANG_WARN_UNGUARDED_AVAILABILITY = YES_AGGRESSIVE;
				CLANG_WARN_UNREACHABLE_CODE = YES;
				CLANG_WARN__DUPLICATE_METHOD_MATCH = YES;
				CODE_SIGN_IDENTITY = "iPhone Developer";
				COPY_PHASE_STRIP = NO;
				DEBUG_INFORMATION_FORMAT = "dwarf-with-dsym";
				ENABLE_NS_ASSERTIONS = NO;
				ENABLE_STRICT_OBJC_MSGSEND = YES;
				GCC_C_LANGUAGE_STANDARD = gnu11;
				GCC_NO_COMMON_BLOCKS = YES;
				GCC_WARN_64_TO_32_BIT_CONVERSION = YES;
				GCC_WARN_ABOUT_RETURN_TYPE = YES_ERROR;
				GCC_WARN_UNDECLARED_SELECTOR = YES;
				GCC_WARN_UNINITIALIZED_AUTOS = YES_AGGRESSIVE;
				GCC_WARN_UNUSED_FUNCTION = YES;
				GCC_WARN_UNUSED_VARIABLE = YES;
				IPHONEOS_DEPLOYMENT_TARGET = 11.2;
				MTL_ENABLE_DEBUG_INFO = NO;
				SDKROOT = iphoneos;
				SWIFT_OPTIMIZATION_LEVEL = "-Owholemodule";
				VALIDATE_PRODUCT = YES;
			};
			name = Release;
		};
		C54DF0DC2012CCD500EFE361 /* Debug */ = {
			isa = XCBuildConfiguration;
			buildSettings = {
				ASSETCATALOG_COMPILER_APPICON_NAME = AppIcon;
				CODE_SIGN_STYLE = Automatic;
				DEVELOPMENT_TEAM = H2XQP39QVX;
				INFOPLIST_FILE = Xylophoner/Info.plist;
				LD_RUNPATH_SEARCH_PATHS = "$(inherited) @executable_path/Frameworks";
				PRODUCT_BUNDLE_IDENTIFIER = com.Ahmedattia.Xylophoner;
				PRODUCT_NAME = "$(TARGET_NAME)";
				SWIFT_VERSION = 4.0;
				TARGETED_DEVICE_FAMILY = "1,2";
			};
			name = Debug;
		};
		C54DF0DD2012CCD500EFE361 /* Release */ = {
			isa = XCBuildConfiguration;
			buildSettings = {
				ASSETCATALOG_COMPILER_APPICON_NAME = AppIcon;
				CODE_SIGN_STYLE = Automatic;
				DEVELOPMENT_TEAM = H2XQP39QVX;
				INFOPLIST_FILE = Xylophoner/Info.plist;
				LD_RUNPATH_SEARCH_PATHS = "$(inherited) @executable_path/Frameworks";
				PRODUCT_BUNDLE_IDENTIFIER = com.Ahmedattia.Xylophoner;
				PRODUCT_NAME = "$(TARGET_NAME)";
				SWIFT_VERSION = 4.0;
				TARGETED_DEVICE_FAMILY = "1,2";
			};
			name = Release;
		};
/* End XCBuildConfiguration section */

/* Begin XCConfigurationList section */
		C54DF0C42012CCD500EFE361 /* Build configuration list for PBXProject "Xylophoner" */ = {
			isa = XCConfigurationList;
			buildConfigurations = (
				C54DF0D92012CCD500EFE361 /* Debug */,
				C54DF0DA2012CCD500EFE361 /* Release */,
			);
			defaultConfigurationIsVisible = 0;
			defaultConfigurationName = Release;
		};
		C54DF0DB2012CCD500EFE361 /* Build configuration list for PBXNativeTarget "Xylophoner" */ = {
			isa = XCConfigurationList;
			buildConfigurations = (
				C54DF0DC2012CCD500EFE361 /* Debug */,
				C54DF0DD2012CCD500EFE361 /* Release */,
			);
			defaultConfigurationIsVisible = 0;
			defaultConfigurationName = Release;
		};
/* End XCConfigurationList section */
	};
	rootObject = C54DF0C12012CCD500EFE361 /* Project object */;
}
